
Microsoft Visual Studio Solution File, Format Version 12.00
# Visual Studio Version 17
VisualStudioVersion = 17.11.35219.272
MinimumVisualStudioVersion = 10.0.40219.1
Project("{FAE04EC0-301F-11D3-BF4B-00C04F79EFBC}") = "RoombookingApp.Core.Tests", "RoombookingApp.Core.Tests\RoombookingApp.Core.Tests.csproj", "{4E5B8B51-AF2B-47C0-8BB3-C29F0C3E821A}"
EndProject
Project("{FAE04EC0-301F-11D3-BF4B-00C04F79EFBC}") = "RoomBookingApp.Core", "RoomBookingApp.Core\RoomBookingApp.Core.csproj", "{FF218471-4E1D-4ECD-BEFF-08159EC60C72}"
EndProject
Project("{FAE04EC0-301F-11D3-BF4B-00C04F79EFBC}") = "RoomBookingApp.Domain", "RoomBookingApp.Domain\RoomBookingApp.Domain.csproj", "{4D69979C-B8DE-419C-8FD7-843675B5B464}"
EndProject
Project("{FAE04EC0-301F-11D3-BF4B-00C04F79EFBC}") = "RoomBookingApp.Persistence", "RoomBookingApp.Persistence\RoomBookingApp.Persistence.csproj", "{F4083E47-8BDC-4295-8633-9097E4D088FA}"
EndProject
Project("{FAE04EC0-301F-11D3-BF4B-00C04F79EFBC}") = "RoomBookingApp.Persistence.Tests", "RoomBookingApp.Persistence.Tests\RoomBookingApp.Persistence.Tests.csproj", "{DF373B33-DCF4-435B-9837-EE538B7C8BAC}"
EndProject
Project("{FAE04EC0-301F-11D3-BF4B-00C04F79EFBC}") = "RoomBookingApp.WebApi", "RoomBookingApp.WebApi\RoomBookingApp.WebApi.csproj", "{B590A8CE-8354-4CEF-A8C0-1FB9249A0A76}"
EndProject
Project("{FAE04EC0-301F-11D3-BF4B-00C04F79EFBC}") = "RoomBookingApp.WebApi.Tests", "RoomBookingApp.WebApi.Tests\RoomBookingApp.WebApi.Tests.csproj", "{6A157550-67F6-4D17-9300-41507BC8DDA0}"
EndProject
Global
	GlobalSection(SolutionConfigurationPlatforms) = preSolution
		Debug|Any CPU = Debug|Any CPU
		Release|Any CPU = Release|Any CPU
	EndGlobalSection
	GlobalSection(ProjectConfigurationPlatforms) = postSolution
		{4E5B8B51-AF2B-47C0-8BB3-C29F0C3E821A}.Debug|Any CPU.ActiveCfg = Debug|Any CPU
		{4E5B8B51-AF2B-47C0-8BB3-C29F0C3E821A}.Debug|Any CPU.Build.0 = Debug|Any CPU
		{4E5B8B51-AF2B-47C0-8BB3-C29F0C3E821A}.Release|Any CPU.ActiveCfg = Release|Any CPU
		{4E5B8B51-AF2B-47C0-8BB3-C29F0C3E821A}.Release|Any CPU.Build.0 = Release|Any CPU
		{FF218471-4E1D-4ECD-BEFF-08159EC60C72}.Debug|Any CPU.ActiveCfg = Debug|Any CPU
		{FF218471-4E1D-4ECD-BEFF-08159EC60C72}.Debug|Any CPU.Build.0 = Debug|Any CPU
		{FF218471-4E1D-4ECD-BEFF-08159EC60C72}.Release|Any CPU.ActiveCfg = Release|Any CPU
		{FF218471-4E1D-4ECD-BEFF-08159EC60C72}.Release|Any CPU.Build.0 = Release|Any CPU
		{4D69979C-B8DE-419C-8FD7-843675B5B464}.Debug|Any CPU.ActiveCfg = Debug|Any CPU
		{4D69979C-B8DE-419C-8FD7-843675B5B464}.Debug|Any CPU.Build.0 = Debug|Any CPU
		{4D69979C-B8DE-419C-8FD7-843675B5B464}.Release|Any CPU.ActiveCfg = Release|Any CPU
		{4D69979C-B8DE-419C-8FD7-843675B5B464}.Release|Any CPU.Build.0 = Release|Any CPU
		{F4083E47-8BDC-4295-8633-9097E4D088FA}.Debug|Any CPU.ActiveCfg = Debug|Any CPU
		{F4083E47-8BDC-4295-8633-9097E4D088FA}.Debug|Any CPU.Build.0 = Debug|Any CPU
		{F4083E47-8BDC-4295-8633-9097E4D088FA}.Release|Any CPU.ActiveCfg = Release|Any CPU
		{F4083E47-8BDC-4295-8633-9097E4D088FA}.Release|Any CPU.Build.0 = Release|Any CPU
		{DF373B33-DCF4-435B-9837-EE538B7C8BAC}.Debug|Any CPU.ActiveCfg = Debug|Any CPU
		{DF373B33-DCF4-435B-9837-EE538B7C8BAC}.Debug|Any CPU.Build.0 = Debug|Any CPU
		{DF373B33-DCF4-435B-9837-EE538B7C8BAC}.Release|Any CPU.ActiveCfg = Release|Any CPU
		{DF373B33-DCF4-435B-9837-EE538B7C8BAC}.Release|Any CPU.Build.0 = Release|Any CPU
		{B590A8CE-8354-4CEF-A8C0-1FB9249A0A76}.Debug|Any CPU.ActiveCfg = Debug|Any CPU
		{B590A8CE-8354-4CEF-A8C0-1FB9249A0A76}.Debug|Any CPU.Build.0 = Debug|Any CPU
		{B590A8CE-8354-4CEF-A8C0-1FB9249A0A76}.Release|Any CPU.ActiveCfg = Release|Any CPU
		{B590A8CE-8354-4CEF-A8C0-1FB9249A0A76}.Release|Any CPU.Build.0 = Release|Any CPU
		{6A157550-67F6-4D17-9300-41507BC8DDA0}.Debug|Any CPU.ActiveCfg = Debug|Any CPU
		{6A157550-67F6-4D17-9300-41507BC8DDA0}.Debug|Any CPU.Build.0 = Debug|Any CPU
		{6A157550-67F6-4D17-9300-41507BC8DDA0}.Release|Any CPU.ActiveCfg = Release|Any CPU
		{6A157550-67F6-4D17-9300-41507BC8DDA0}.Release|Any CPU.Build.0 = Release|Any CPU
	EndGlobalSection
	GlobalSection(SolutionProperties) = preSolution
		HideSolutionNode = FALSE
	EndGlobalSection
	GlobalSection(ExtensibilityGlobals) = postSolution
		SolutionGuid = {13CC2594-2A0F-4971-8703-8503A2848AAC}
	EndGlobalSection
EndGlobal
